// !$*UTF8*$!
{
	archiveVersion = 1;
	classes = {
	};
	objectVersion = 48;
	objects = {

/* Begin PBXBuildFile section */
		E76595CF1FC97026002CE476 /* AppDelegate.m in Sources */ = {isa = PBXBuildFile; fileRef = E76595CE1FC97026002CE476 /* AppDelegate.m */; };
		E76595D71FC97026002CE476 /* Assets.xcassets in Resources */ = {isa = PBXBuildFile; fileRef = E76595D61FC97026002CE476 /* Assets.xcassets */; };
		E76595DA1FC97026002CE476 /* LaunchScreen.storyboard in Resources */ = {isa = PBXBuildFile; fileRef = E76595D81FC97026002CE476 /* LaunchScreen.storyboard */; };
		E76595DD1FC97026002CE476 /* main.m in Sources */ = {isa = PBXBuildFile; fileRef = E76595DC1FC97026002CE476 /* main.m */; };
		E76595E71FC97026002CE476 /* _048Tests.m in Sources */ = {isa = PBXBuildFile; fileRef = E76595E61FC97026002CE476 /* _048Tests.m */; };
		E76595F21FC97026002CE476 /* _048UITests.m in Sources */ = {isa = PBXBuildFile; fileRef = E76595F11FC97026002CE476 /* _048UITests.m */; };
		E76596051FC9717F002CE476 /* Main.storyboard in Resources */ = {isa = PBXBuildFile; fileRef = E76596041FC9717F002CE476 /* Main.storyboard */; };
		E765960F1FC99D5B002CE476 /* MCHomeVC.m in Sources */ = {isa = PBXBuildFile; fileRef = E765960E1FC99D5B002CE476 /* MCHomeVC.m */; };
		E76596161FC9A102002CE476 /* MCClassicGameVC.m in Sources */ = {isa = PBXBuildFile; fileRef = E76596151FC9A102002CE476 /* MCClassicGameVC.m */; };
		E76596191FC9A823002CE476 /* MCBlockItem.m in Sources */ = {isa = PBXBuildFile; fileRef = E76596181FC9A823002CE476 /* MCBlockItem.m */; };
		E765961C1FC9AA31002CE476 /* MCBlockMoveItem.m in Sources */ = {isa = PBXBuildFile; fileRef = E765961B1FC9AA31002CE476 /* MCBlockMoveItem.m */; };
		E765961F1FC9C27C002CE476 /* MCBlockMergeItem.m in Sources */ = {isa = PBXBuildFile; fileRef = E765961E1FC9C27C002CE476 /* MCBlockMergeItem.m */; };
		E76596251FC9CE67002CE476 /* MCClassicGame.m in Sources */ = {isa = PBXBuildFile; fileRef = E76596241FC9CE67002CE476 /* MCClassicGame.m */; };
		E76596281FC9D5FB002CE476 /* MCQueueCommandItem.m in Sources */ = {isa = PBXBuildFile; fileRef = E76596271FC9D5FB002CE476 /* MCQueueCommandItem.m */; };
		E765962B1FCA88AC002CE476 /* MCBlockView.m in Sources */ = {isa = PBXBuildFile; fileRef = E765962A1FCA88AC002CE476 /* MCBlockView.m */; };
		E765962E1FCA9108002CE476 /* MCAppearanceManager.m in Sources */ = {isa = PBXBuildFile; fileRef = E765962D1FCA9108002CE476 /* MCAppearanceManager.m */; };
		E76596351FCA9792002CE476 /* UIColor+Quick.m in Sources */ = {isa = PBXBuildFile; fileRef = E76596341FCA9792002CE476 /* UIColor+Quick.m */; };
		E76596381FCAAE14002CE476 /* MCScoreView.m in Sources */ = {isa = PBXBuildFile; fileRef = E76596371FCAAE14002CE476 /* MCScoreView.m */; };
		E765963B1FCAD185002CE476 /* MCGameboardView.m in Sources */ = {isa = PBXBuildFile; fileRef = E765963A1FCAD185002CE476 /* MCGameboardView.m */; };
		E765963E1FCBB050002CE476 /* UIDevice+QucikJudge.m in Sources */ = {isa = PBXBuildFile; fileRef = E765963D1FCBB050002CE476 /* UIDevice+QucikJudge.m */; };
		E76596411FCBB2FC002CE476 /* MCPeakView.m in Sources */ = {isa = PBXBuildFile; fileRef = E76596401FCBB2FC002CE476 /* MCPeakView.m */; };
		E76596441FCBB99C002CE476 /* MCBulletinView.m in Sources */ = {isa = PBXBuildFile; fileRef = E76596431FCBB99C002CE476 /* MCBulletinView.m */; };
		E79137B51FCCE23000AEAFB0 /* MCMenuView.m in Sources */ = {isa = PBXBuildFile; fileRef = E79137B41FCCE23000AEAFB0 /* MCMenuView.m */; };
		E79137B81FCD044600AEAFB0 /* MCNavigationController.m in Sources */ = {isa = PBXBuildFile; fileRef = E79137B71FCD044600AEAFB0 /* MCNavigationController.m */; };
		E79137BB1FCD055000AEAFB0 /* MCInterestVC.m in Sources */ = {isa = PBXBuildFile; fileRef = E79137BA1FCD055000AEAFB0 /* MCInterestVC.m */; };
/* End PBXBuildFile section */

/* Begin PBXContainerItemProxy section */
		E76595E31FC97026002CE476 /* PBXContainerItemProxy */ = {
			isa = PBXContainerItemProxy;
			containerPortal = E76595C21FC97026002CE476 /* Project object */;
			proxyType = 1;
			remoteGlobalIDString = E76595C91FC97026002CE476;
			remoteInfo = 2048;
		};
		E76595EE1FC97026002CE476 /* PBXContainerItemProxy */ = {
			isa = PBXContainerItemProxy;
			containerPortal = E76595C21FC97026002CE476 /* Project object */;
			proxyType = 1;
			remoteGlobalIDString = E76595C91FC97026002CE476;
			remoteInfo = 2048;
		};
/* End PBXContainerItemProxy section */

/* Begin PBXFileReference section */
		E76595CA1FC97026002CE476 /* 2048.app */ = {isa = PBXFileReference; explicitFileType = wrapper.application; includeInIndex = 0; path = 2048.app; sourceTree = BUILT_PRODUCTS_DIR; };
		E76595CD1FC97026002CE476 /* AppDelegate.h */ = {isa = PBXFileReference; lastKnownFileType = sourcecode.c.h; path = AppDelegate.h; sourceTree = "<group>"; };
		E76595CE1FC97026002CE476 /* AppDelegate.m */ = {isa = PBXFileReference; lastKnownFileType = sourcecode.c.objc; path = AppDelegate.m; sourceTree = "<group>"; };
		E76595D61FC97026002CE476 /* Assets.xcassets */ = {isa = PBXFileReference; lastKnownFileType = folder.assetcatalog; path = Assets.xcassets; sourceTree = "<group>"; };
		E76595D91FC97026002CE476 /* Base */ = {isa = PBXFileReference; lastKnownFileType = file.storyboard; name = Base; path = Base.lproj/LaunchScreen.storyboard; sourceTree = "<group>"; };
		E76595DB1FC97026002CE476 /* Info.plist */ = {isa = PBXFileReference; lastKnownFileType = text.plist.xml; path = Info.plist; sourceTree = "<group>"; };
		E76595DC1FC97026002CE476 /* main.m */ = {isa = PBXFileReference; lastKnownFileType = sourcecode.c.objc; path = main.m; sourceTree = "<group>"; };
		E76595E21FC97026002CE476 /* 2048Tests.xctest */ = {isa = PBXFileReference; explicitFileType = wrapper.cfbundle; includeInIndex = 0; path = 2048Tests.xctest; sourceTree = BUILT_PRODUCTS_DIR; };
		E76595E61FC97026002CE476 /* _048Tests.m */ = {isa = PBXFileReference; lastKnownFileType = sourcecode.c.objc; path = _048Tests.m; sourceTree = "<group>"; };
		E76595E81FC97026002CE476 /* Info.plist */ = {isa = PBXFileReference; lastKnownFileType = text.plist.xml; path = Info.plist; sourceTree = "<group>"; };
		E76595ED1FC97026002CE476 /* 2048UITests.xctest */ = {isa = PBXFileReference; explicitFileType = wrapper.cfbundle; includeInIndex = 0; path = 2048UITests.xctest; sourceTree = BUILT_PRODUCTS_DIR; };
		E76595F11FC97026002CE476 /* _048UITests.m */ = {isa = PBXFileReference; lastKnownFileType = sourcecode.c.objc; path = _048UITests.m; sourceTree = "<group>"; };
		E76595F31FC97026002CE476 /* Info.plist */ = {isa = PBXFileReference; lastKnownFileType = text.plist.xml; path = Info.plist; sourceTree = "<group>"; };
		E76596041FC9717F002CE476 /* Main.storyboard */ = {isa = PBXFileReference; fileEncoding = 4; lastKnownFileType = file.storyboard; path = Main.storyboard; sourceTree = "<group>"; };
		E765960D1FC99D5B002CE476 /* MCHomeVC.h */ = {isa = PBXFileReference; lastKnownFileType = sourcecode.c.h; path = MCHomeVC.h; sourceTree = "<group>"; };
		E765960E1FC99D5B002CE476 /* MCHomeVC.m */ = {isa = PBXFileReference; lastKnownFileType = sourcecode.c.objc; path = MCHomeVC.m; sourceTree = "<group>"; };
		E76596141FC9A102002CE476 /* MCClassicGameVC.h */ = {isa = PBXFileReference; lastKnownFileType = sourcecode.c.h; path = MCClassicGameVC.h; sourceTree = "<group>"; };
		E76596151FC9A102002CE476 /* MCClassicGameVC.m */ = {isa = PBXFileReference; lastKnownFileType = sourcecode.c.objc; path = MCClassicGameVC.m; sourceTree = "<group>"; };
		E76596171FC9A823002CE476 /* MCBlockItem.h */ = {isa = PBXFileReference; lastKnownFileType = sourcecode.c.h; path = MCBlockItem.h; sourceTree = "<group>"; };
		E76596181FC9A823002CE476 /* MCBlockItem.m */ = {isa = PBXFileReference; lastKnownFileType = sourcecode.c.objc; path = MCBlockItem.m; sourceTree = "<group>"; };
		E765961A1FC9AA31002CE476 /* MCBlockMoveItem.h */ = {isa = PBXFileReference; lastKnownFileType = sourcecode.c.h; path = MCBlockMoveItem.h; sourceTree = "<group>"; };
		E765961B1FC9AA31002CE476 /* MCBlockMoveItem.m */ = {isa = PBXFileReference; lastKnownFileType = sourcecode.c.objc; path = MCBlockMoveItem.m; sourceTree = "<group>"; };
		E765961D1FC9C27C002CE476 /* MCBlockMergeItem.h */ = {isa = PBXFileReference; lastKnownFileType = sourcecode.c.h; path = MCBlockMergeItem.h; sourceTree = "<group>"; };
		E765961E1FC9C27C002CE476 /* MCBlockMergeItem.m */ = {isa = PBXFileReference; lastKnownFileType = sourcecode.c.objc; path = MCBlockMergeItem.m; sourceTree = "<group>"; };
		E76596231FC9CE67002CE476 /* MCClassicGame.h */ = {isa = PBXFileReference; lastKnownFileType = sourcecode.c.h; path = MCClassicGame.h; sourceTree = "<group>"; };
		E76596241FC9CE67002CE476 /* MCClassicGame.m */ = {isa = PBXFileReference; lastKnownFileType = sourcecode.c.objc; path = MCClassicGame.m; sourceTree = "<group>"; };
		E76596261FC9D5FB002CE476 /* MCQueueCommandItem.h */ = {isa = PBXFileReference; lastKnownFileType = sourcecode.c.h; path = MCQueueCommandItem.h; sourceTree = "<group>"; };
		E76596271FC9D5FB002CE476 /* MCQueueCommandItem.m */ = {isa = PBXFileReference; lastKnownFileType = sourcecode.c.objc; path = MCQueueCommandItem.m; sourceTree = "<group>"; };
		E76596291FCA88AC002CE476 /* MCBlockView.h */ = {isa = PBXFileReference; lastKnownFileType = sourcecode.c.h; path = MCBlockView.h; sourceTree = "<group>"; };
		E765962A1FCA88AC002CE476 /* MCBlockView.m */ = {isa = PBXFileReference; lastKnownFileType = sourcecode.c.objc; path = MCBlockView.m; sourceTree = "<group>"; };
		E765962C1FCA9108002CE476 /* MCAppearanceManager.h */ = {isa = PBXFileReference; lastKnownFileType = sourcecode.c.h; path = MCAppearanceManager.h; sourceTree = "<group>"; };
		E765962D1FCA9108002CE476 /* MCAppearanceManager.m */ = {isa = PBXFileReference; lastKnownFileType = sourcecode.c.objc; path = MCAppearanceManager.m; sourceTree = "<group>"; };
		E76596331FCA9792002CE476 /* UIColor+Quick.h */ = {isa = PBXFileReference; lastKnownFileType = sourcecode.c.h; path = "UIColor+Quick.h"; sourceTree = "<group>"; };
		E76596341FCA9792002CE476 /* UIColor+Quick.m */ = {isa = PBXFileReference; lastKnownFileType = sourcecode.c.objc; path = "UIColor+Quick.m"; sourceTree = "<group>"; };
		E76596361FCAAE14002CE476 /* MCScoreView.h */ = {isa = PBXFileReference; lastKnownFileType = sourcecode.c.h; path = MCScoreView.h; sourceTree = "<group>"; };
		E76596371FCAAE14002CE476 /* MCScoreView.m */ = {isa = PBXFileReference; lastKnownFileType = sourcecode.c.objc; path = MCScoreView.m; sourceTree = "<group>"; };
		E76596391FCAD185002CE476 /* MCGameboardView.h */ = {isa = PBXFileReference; lastKnownFileType = sourcecode.c.h; path = MCGameboardView.h; sourceTree = "<group>"; };
		E765963A1FCAD185002CE476 /* MCGameboardView.m */ = {isa = PBXFileReference; lastKnownFileType = sourcecode.c.objc; path = MCGameboardView.m; sourceTree = "<group>"; };
		E765963C1FCBB050002CE476 /* UIDevice+QucikJudge.h */ = {isa = PBXFileReference; lastKnownFileType = sourcecode.c.h; path = "UIDevice+QucikJudge.h"; sourceTree = "<group>"; };
		E765963D1FCBB050002CE476 /* UIDevice+QucikJudge.m */ = {isa = PBXFileReference; lastKnownFileType = sourcecode.c.objc; path = "UIDevice+QucikJudge.m"; sourceTree = "<group>"; };
		E765963F1FCBB2FC002CE476 /* MCPeakView.h */ = {isa = PBXFileReference; lastKnownFileType = sourcecode.c.h; path = MCPeakView.h; sourceTree = "<group>"; };
		E76596401FCBB2FC002CE476 /* MCPeakView.m */ = {isa = PBXFileReference; lastKnownFileType = sourcecode.c.objc; path = MCPeakView.m; sourceTree = "<group>"; };
		E76596421FCBB99C002CE476 /* MCBulletinView.h */ = {isa = PBXFileReference; lastKnownFileType = sourcecode.c.h; path = MCBulletinView.h; sourceTree = "<group>"; };
		E76596431FCBB99C002CE476 /* MCBulletinView.m */ = {isa = PBXFileReference; lastKnownFileType = sourcecode.c.objc; path = MCBulletinView.m; sourceTree = "<group>"; };
		E79137B31FCCE23000AEAFB0 /* MCMenuView.h */ = {isa = PBXFileReference; lastKnownFileType = sourcecode.c.h; path = MCMenuView.h; sourceTree = "<group>"; };
		E79137B41FCCE23000AEAFB0 /* MCMenuView.m */ = {isa = PBXFileReference; lastKnownFileType = sourcecode.c.objc; path = MCMenuView.m; sourceTree = "<group>"; };
		E79137B61FCD044600AEAFB0 /* MCNavigationController.h */ = {isa = PBXFileReference; lastKnownFileType = sourcecode.c.h; path = MCNavigationController.h; sourceTree = "<group>"; };
		E79137B71FCD044600AEAFB0 /* MCNavigationController.m */ = {isa = PBXFileReference; lastKnownFileType = sourcecode.c.objc; path = MCNavigationController.m; sourceTree = "<group>"; };
		E79137B91FCD055000AEAFB0 /* MCInterestVC.h */ = {isa = PBXFileReference; lastKnownFileType = sourcecode.c.h; path = MCInterestVC.h; sourceTree = "<group>"; };
		E79137BA1FCD055000AEAFB0 /* MCInterestVC.m */ = {isa = PBXFileReference; lastKnownFileType = sourcecode.c.objc; path = MCInterestVC.m; sourceTree = "<group>"; };
/* End PBXFileReference section */

/* Begin PBXFrameworksBuildPhase section */
		E76595C71FC97026002CE476 /* Frameworks */ = {
			isa = PBXFrameworksBuildPhase;
			buildActionMask = 2147483647;
			files = (
			);
			runOnlyForDeploymentPostprocessing = 0;
		};
		E76595DF1FC97026002CE476 /* Frameworks */ = {
			isa = PBXFrameworksBuildPhase;
			buildActionMask = 2147483647;
			files = (
			);
			runOnlyForDeploymentPostprocessing = 0;
		};
		E76595EA1FC97026002CE476 /* Frameworks */ = {
			isa = PBXFrameworksBuildPhase;
			buildActionMask = 2147483647;
			files = (
			);
			runOnlyForDeploymentPostprocessing = 0;
		};
/* End PBXFrameworksBuildPhase section */

/* Begin PBXGroup section */
		E76595C11FC97026002CE476 = {
			isa = PBXGroup;
			children = (
				E76595CC1FC97026002CE476 /* 2048 */,
				E76595E51FC97026002CE476 /* 2048Tests */,
				E76595F01FC97026002CE476 /* 2048UITests */,
				E76595CB1FC97026002CE476 /* Products */,
			);
			sourceTree = "<group>";
		};
		E76595CB1FC97026002CE476 /* Products */ = {
			isa = PBXGroup;
			children = (
				E76595CA1FC97026002CE476 /* 2048.app */,
				E76595E21FC97026002CE476 /* 2048Tests.xctest */,
				E76595ED1FC97026002CE476 /* 2048UITests.xctest */,
			);
			name = Products;
			sourceTree = "<group>";
		};
		E76595CC1FC97026002CE476 /* 2048 */ = {
			isa = PBXGroup;
			children = (
				E76595FF1FC97119002CE476 /* Classes */,
				E76595CD1FC97026002CE476 /* AppDelegate.h */,
				E76595CE1FC97026002CE476 /* AppDelegate.m */,
				E76595D61FC97026002CE476 /* Assets.xcassets */,
				E76595D81FC97026002CE476 /* LaunchScreen.storyboard */,
				E76595DB1FC97026002CE476 /* Info.plist */,
				E76595DC1FC97026002CE476 /* main.m */,
			);
			path = 2048;
			sourceTree = "<group>";
		};
		E76595E51FC97026002CE476 /* 2048Tests */ = {
			isa = PBXGroup;
			children = (
				E76595E61FC97026002CE476 /* _048Tests.m */,
				E76595E81FC97026002CE476 /* Info.plist */,
			);
			path = 2048Tests;
			sourceTree = "<group>";
		};
		E76595F01FC97026002CE476 /* 2048UITests */ = {
			isa = PBXGroup;
			children = (
				E76595F11FC97026002CE476 /* _048UITests.m */,
				E76595F31FC97026002CE476 /* Info.plist */,
			);
			path = 2048UITests;
			sourceTree = "<group>";
		};
		E76595FF1FC97119002CE476 /* Classes */ = {
			isa = PBXGroup;
			children = (
				E76596101FC9A0D6002CE476 /* Game */,
				E76596061FC971B2002CE476 /* Home */,
				E76596001FC9712C002CE476 /* Main */,
				E765962F1FCA95D1002CE476 /* Extension */,
			);
			path = Classes;
			sourceTree = "<group>";
		};
		E76596001FC9712C002CE476 /* Main */ = {
			isa = PBXGroup;
			children = (
				E76596041FC9717F002CE476 /* Main.storyboard */,
				E76596031FC97150002CE476 /* Model */,
				E76596021FC9713D002CE476 /* View */,
				E76596011FC97131002CE476 /* Controller */,
			);
			path = Main;
			sourceTree = "<group>";
		};
		E76596011FC97131002CE476 /* Controller */ = {
			isa = PBXGroup;
			children = (
				E79137B61FCD044600AEAFB0 /* MCNavigationController.h */,
				E79137B71FCD044600AEAFB0 /* MCNavigationController.m */,
			);
			path = Controller;
			sourceTree = "<group>";
		};
		E76596021FC9713D002CE476 /* View */ = {
			isa = PBXGroup;
			children = (
				E79137B31FCCE23000AEAFB0 /* MCMenuView.h */,
				E79137B41FCCE23000AEAFB0 /* MCMenuView.m */,
			);
			path = View;
			sourceTree = "<group>";
		};
		E76596031FC97150002CE476 /* Model */ = {
			isa = PBXGroup;
			children = (
			);
			path = Model;
			sourceTree = "<group>";
		};
		E76596061FC971B2002CE476 /* Home */ = {
			isa = PBXGroup;
			children = (
				E76596091FC971C1002CE476 /* Model */,
				E76596081FC971BB002CE476 /* View */,
				E76596071FC971B7002CE476 /* Controller */,
			);
			path = Home;
			sourceTree = "<group>";
		};
		E76596071FC971B7002CE476 /* Controller */ = {
			isa = PBXGroup;
			children = (
				E765960D1FC99D5B002CE476 /* MCHomeVC.h */,
				E765960E1FC99D5B002CE476 /* MCHomeVC.m */,
				E79137B91FCD055000AEAFB0 /* MCInterestVC.h */,
				E79137BA1FCD055000AEAFB0 /* MCInterestVC.m */,
			);
			path = Controller;
			sourceTree = "<group>";
		};
		E76596081FC971BB002CE476 /* View */ = {
			isa = PBXGroup;
			children = (
			);
			path = View;
			sourceTree = "<group>";
		};
		E76596091FC971C1002CE476 /* Model */ = {
			isa = PBXGroup;
			children = (
			);
			path = Model;
			sourceTree = "<group>";
		};
		E76596101FC9A0D6002CE476 /* Game */ = {
			isa = PBXGroup;
			children = (
				E76596131FC9A0E5002CE476 /* Model */,
				E76596121FC9A0E1002CE476 /* View */,
				E76596111FC9A0DB002CE476 /* Controller */,
			);
			path = Game;
			sourceTree = "<group>";
		};
		E76596111FC9A0DB002CE476 /* Controller */ = {
			isa = PBXGroup;
			children = (
				E76596141FC9A102002CE476 /* MCClassicGameVC.h */,
				E76596151FC9A102002CE476 /* MCClassicGameVC.m */,
			);
			path = Controller;
			sourceTree = "<group>";
		};
		E76596121FC9A0E1002CE476 /* View */ = {
			isa = PBXGroup;
			children = (
				E76596291FCA88AC002CE476 /* MCBlockView.h */,
				E765962A1FCA88AC002CE476 /* MCBlockView.m */,
				E76596361FCAAE14002CE476 /* MCScoreView.h */,
				E76596371FCAAE14002CE476 /* MCScoreView.m */,
				E76596391FCAD185002CE476 /* MCGameboardView.h */,
				E765963A1FCAD185002CE476 /* MCGameboardView.m */,
				E765963F1FCBB2FC002CE476 /* MCPeakView.h */,
				E76596401FCBB2FC002CE476 /* MCPeakView.m */,
				E76596421FCBB99C002CE476 /* MCBulletinView.h */,
				E76596431FCBB99C002CE476 /* MCBulletinView.m */,
			);
			path = View;
			sourceTree = "<group>";
		};
		E76596131FC9A0E5002CE476 /* Model */ = {
			isa = PBXGroup;
			children = (
				E765962C1FCA9108002CE476 /* MCAppearanceManager.h */,
				E765962D1FCA9108002CE476 /* MCAppearanceManager.m */,
				E76596171FC9A823002CE476 /* MCBlockItem.h */,
				E76596181FC9A823002CE476 /* MCBlockItem.m */,
				E765961A1FC9AA31002CE476 /* MCBlockMoveItem.h */,
				E765961B1FC9AA31002CE476 /* MCBlockMoveItem.m */,
				E765961D1FC9C27C002CE476 /* MCBlockMergeItem.h */,
				E765961E1FC9C27C002CE476 /* MCBlockMergeItem.m */,
				E76596231FC9CE67002CE476 /* MCClassicGame.h */,
				E76596241FC9CE67002CE476 /* MCClassicGame.m */,
				E76596261FC9D5FB002CE476 /* MCQueueCommandItem.h */,
				E76596271FC9D5FB002CE476 /* MCQueueCommandItem.m */,
			);
			path = Model;
			sourceTree = "<group>";
		};
		E765962F1FCA95D1002CE476 /* Extension */ = {
			isa = PBXGroup;
			children = (
				E76596331FCA9792002CE476 /* UIColor+Quick.h */,
				E76596341FCA9792002CE476 /* UIColor+Quick.m */,
				E765963C1FCBB050002CE476 /* UIDevice+QucikJudge.h */,
				E765963D1FCBB050002CE476 /* UIDevice+QucikJudge.m */,
			);
			path = Extension;
			sourceTree = "<group>";
		};
/* End PBXGroup section */

/* Begin PBXNativeTarget section */
		E76595C91FC97026002CE476 /* 2048 */ = {
			isa = PBXNativeTarget;
			buildConfigurationList = E76595F61FC97026002CE476 /* Build configuration list for PBXNativeTarget "2048" */;
			buildPhases = (
				E76595C61FC97026002CE476 /* Sources */,
				E76595C71FC97026002CE476 /* Frameworks */,
				E76595C81FC97026002CE476 /* Resources */,
			);
			buildRules = (
			);
			dependencies = (
			);
			name = 2048;
			productName = 2048;
			productReference = E76595CA1FC97026002CE476 /* 2048.app */;
			productType = "com.apple.product-type.application";
		};
		E76595E11FC97026002CE476 /* 2048Tests */ = {
			isa = PBXNativeTarget;
			buildConfigurationList = E76595F91FC97026002CE476 /* Build configuration list for PBXNativeTarget "2048Tests" */;
			buildPhases = (
				E76595DE1FC97026002CE476 /* Sources */,
				E76595DF1FC97026002CE476 /* Frameworks */,
				E76595E01FC97026002CE476 /* Resources */,
			);
			buildRules = (
			);
			dependencies = (
				E76595E41FC97026002CE476 /* PBXTargetDependency */,
			);
			name = 2048Tests;
			productName = 2048Tests;
			productReference = E76595E21FC97026002CE476 /* 2048Tests.xctest */;
			productType = "com.apple.product-type.bundle.unit-test";
		};
		E76595EC1FC97026002CE476 /* 2048UITests */ = {
			isa = PBXNativeTarget;
			buildConfigurationList = E76595FC1FC97026002CE476 /* Build configuration list for PBXNativeTarget "2048UITests" */;
			buildPhases = (
				E76595E91FC97026002CE476 /* Sources */,
				E76595EA1FC97026002CE476 /* Frameworks */,
				E76595EB1FC97026002CE476 /* Resources */,
			);
			buildRules = (
			);
			dependencies = (
				E76595EF1FC97026002CE476 /* PBXTargetDependency */,
			);
			name = 2048UITests;
			productName = 2048UITests;
			productReference = E76595ED1FC97026002CE476 /* 2048UITests.xctest */;
			productType = "com.apple.product-type.bundle.ui-testing";
		};
/* End PBXNativeTarget section */

/* Begin PBXProject section */
		E76595C21FC97026002CE476 /* Project object */ = {
			isa = PBXProject;
			attributes = {
				CLASSPREFIX = MC;
				LastUpgradeCheck = 0910;
				ORGANIZATIONNAME = Minecode;
				TargetAttributes = {
					E76595C91FC97026002CE476 = {
						CreatedOnToolsVersion = 9.1;
						ProvisioningStyle = Automatic;
					};
					E76595E11FC97026002CE476 = {
						CreatedOnToolsVersion = 9.1;
						ProvisioningStyle = Automatic;
						TestTargetID = E76595C91FC97026002CE476;
					};
					E76595EC1FC97026002CE476 = {
						CreatedOnToolsVersion = 9.1;
						ProvisioningStyle = Automatic;
						TestTargetID = E76595C91FC97026002CE476;
					};
				};
			};
			buildConfigurationList = E76595C51FC97026002CE476 /* Build configuration list for PBXProject "2048" */;
			compatibilityVersion = "Xcode 8.0";
			developmentRegion = en;
			hasScannedForEncodings = 0;
			knownRegions = (
				en,
				Base,
			);
			mainGroup = E76595C11FC97026002CE476;
			productRefGroup = E76595CB1FC97026002CE476 /* Products */;
			projectDirPath = "";
			projectRoot = "";
			targets = (
				E76595C91FC97026002CE476 /* 2048 */,
				E76595E11FC97026002CE476 /* 2048Tests */,
				E76595EC1FC97026002CE476 /* 2048UITests */,
			);
		};
/* End PBXProject section */

/* Begin PBXResourcesBuildPhase section */
		E76595C81FC97026002CE476 /* Resources */ = {
			isa = PBXResourcesBuildPhase;
			buildActionMask = 2147483647;
			files = (
				E76596051FC9717F002CE476 /* Main.storyboard in Resources */,
				E76595DA1FC97026002CE476 /* LaunchScreen.storyboard in Resources */,
				E76595D71FC97026002CE476 /* Assets.xcassets in Resources */,
			);
			runOnlyForDeploymentPostprocessing = 0;
		};
		E76595E01FC97026002CE476 /* Resources */ = {
			isa = PBXResourcesBuildPhase;
			buildActionMask = 2147483647;
			files = (
			);
			runOnlyForDeploymentPostprocessing = 0;
		};
		E76595EB1FC97026002CE476 /* Resources */ = {
			isa = PBXResourcesBuildPhase;
			buildActionMask = 2147483647;
			files = (
			);
			runOnlyForDeploymentPostprocessing = 0;
		};
/* End PBXResourcesBuildPhase section */

/* Begin PBXSourcesBuildPhase section */
		E76595C61FC97026002CE476 /* Sources */ = {
			isa = PBXSourcesBuildPhase;
			buildActionMask = 2147483647;
			files = (
				E765962B1FCA88AC002CE476 /* MCBlockView.m in Sources */,
				E76595DD1FC97026002CE476 /* main.m in Sources */,
				E765961F1FC9C27C002CE476 /* MCBlockMergeItem.m in Sources */,
				E79137B51FCCE23000AEAFB0 /* MCMenuView.m in Sources */,
				E79137BB1FCD055000AEAFB0 /* MCInterestVC.m in Sources */,
				E76596411FCBB2FC002CE476 /* MCPeakView.m in Sources */,
				E79137B81FCD044600AEAFB0 /* MCNavigationController.m in Sources */,
				E76596351FCA9792002CE476 /* UIColor+Quick.m in Sources */,
				E76596161FC9A102002CE476 /* MCClassicGameVC.m in Sources */,
				E765962E1FCA9108002CE476 /* MCAppearanceManager.m in Sources */,
				E765960F1FC99D5B002CE476 /* MCHomeVC.m in Sources */,
				E765963E1FCBB050002CE476 /* UIDevice+QucikJudge.m in Sources */,
				E76596191FC9A823002CE476 /* MCBlockItem.m in Sources */,
				E76595CF1FC97026002CE476 /* AppDelegate.m in Sources */,
				E76596251FC9CE67002CE476 /* MCClassicGame.m in Sources */,
				E76596281FC9D5FB002CE476 /* MCQueueCommandItem.m in Sources */,
				E76596381FCAAE14002CE476 /* MCScoreView.m in Sources */,
				E765961C1FC9AA31002CE476 /* MCBlockMoveItem.m in Sources */,
				E765963B1FCAD185002CE476 /* MCGameboardView.m in Sources */,
				E76596441FCBB99C002CE476 /* MCBulletinView.m in Sources */,
			);
			runOnlyForDeploymentPostprocessing = 0;
		};
		E76595DE1FC97026002CE476 /* Sources */ = {
			isa = PBXSourcesBuildPhase;
			buildActionMask = 2147483647;
			files = (
				E76595E71FC97026002CE476 /* _048Tests.m in Sources */,
			);
			runOnlyForDeploymentPostprocessing = 0;
		};
		E76595E91FC97026002CE476 /* Sources */ = {
			isa = PBXSourcesBuildPhase;
			buildActionMask = 2147483647;
			files = (
				E76595F21FC97026002CE476 /* _048UITests.m in Sources */,
			);
			runOnlyForDeploymentPostprocessing = 0;
		};
/* End PBXSourcesBuildPhase section */

/* Begin PBXTargetDependency section */
		E76595E41FC97026002CE476 /* PBXTargetDependency */ = {
			isa = PBXTargetDependency;
			target = E76595C91FC97026002CE476 /* 2048 */;
			targetProxy = E76595E31FC97026002CE476 /* PBXContainerItemProxy */;
		};
		E76595EF1FC97026002CE476 /* PBXTargetDependency */ = {
			isa = PBXTargetDependency;
			target = E76595C91FC97026002CE476 /* 2048 */;
			targetProxy = E76595EE1FC97026002CE476 /* PBXContainerItemProxy */;
		};
/* End PBXTargetDependency section */

/* Begin PBXVariantGroup section */
		E76595D81FC97026002CE476 /* LaunchScreen.storyboard */ = {
			isa = PBXVariantGroup;
			children = (
				E76595D91FC97026002CE476 /* Base */,
			);
			name = LaunchScreen.storyboard;
			sourceTree = "<group>";
		};
/* End PBXVariantGroup section */

/* Begin XCBuildConfiguration section */
		E76595F41FC97026002CE476 /* Debug */ = {
			isa = XCBuildConfiguration;
			buildSettings = {
				ALWAYS_SEARCH_USER_PATHS = NO;
				CLANG_ANALYZER_NONNULL = YES;
				CLANG_ANALYZER_NUMBER_OBJECT_CONVERSION = YES_AGGRESSIVE;
				CLANG_CXX_LANGUAGE_STANDARD = "gnu++14";
				CLANG_CXX_LIBRARY = "libc++";
				CLANG_ENABLE_MODULES = YES;
				CLANG_ENABLE_OBJC_ARC = YES;
				CLANG_WARN_BLOCK_CAPTURE_AUTORELEASING = YES;
				CLANG_WARN_BOOL_CONVERSION = YES;
				CLANG_WARN_COMMA = YES;
				CLANG_WARN_CONSTANT_CONVERSION = YES;
				CLANG_WARN_DIRECT_OBJC_ISA_USAGE = YES_ERROR;
				CLANG_WARN_DOCUMENTATION_COMMENTS = YES;
				CLANG_WARN_EMPTY_BODY = YES;
				CLANG_WARN_ENUM_CONVERSION = YES;
				CLANG_WARN_INFINITE_RECURSION = YES;
				CLANG_WARN_INT_CONVERSION = YES;
				CLANG_WARN_NON_LITERAL_NULL_CONVERSION = YES;
				CLANG_WARN_OBJC_LITERAL_CONVERSION = YES;
				CLANG_WARN_OBJC_ROOT_CLASS = YES_ERROR;
				CLANG_WARN_RANGE_LOOP_ANALYSIS = YES;
				CLANG_WARN_STRICT_PROTOTYPES = YES;
				CLANG_WARN_SUSPICIOUS_MOVE = YES;
				CLANG_WARN_UNGUARDED_AVAILABILITY = YES_AGGRESSIVE;
				CLANG_WARN_UNREACHABLE_CODE = YES;
				CLANG_WARN__DUPLICATE_METHOD_MATCH = YES;
				CODE_SIGN_IDENTITY = "iPhone Developer";
				COPY_PHASE_STRIP = NO;
				DEBUG_INFORMATION_FORMAT = dwarf;
				ENABLE_STRICT_OBJC_MSGSEND = YES;
				ENABLE_TESTABILITY = YES;
				GCC_C_LANGUAGE_STANDARD = gnu11;
				GCC_DYNAMIC_NO_PIC = NO;
				GCC_NO_COMMON_BLOCKS = YES;
				GCC_OPTIMIZATION_LEVEL = 0;
				GCC_PREPROCESSOR_DEFINITIONS = (
					"DEBUG=1",
					"$(inherited)",
				);
				GCC_WARN_64_TO_32_BIT_CONVERSION = YES;
				GCC_WARN_ABOUT_RETURN_TYPE = YES_ERROR;
				GCC_WARN_UNDECLARED_SELECTOR = YES;
				GCC_WARN_UNINITIALIZED_AUTOS = YES_AGGRESSIVE;
				GCC_WARN_UNUSED_FUNCTION = YES;
				GCC_WARN_UNUSED_VARIABLE = YES;
				IPHONEOS_DEPLOYMENT_TARGET = 11.1;
				MTL_ENABLE_DEBUG_INFO = YES;
				ONLY_ACTIVE_ARCH = YES;
				SDKROOT = iphoneos;
			};
			name = Debug;
		};
		E76595F51FC97026002CE476 /* Release */ = {
			isa = XCBuildConfiguration;
			buildSettings = {
				ALWAYS_SEARCH_USER_PATHS = NO;
				CLANG_ANALYZER_NONNULL = YES;
				CLANG_ANALYZER_NUMBER_OBJECT_CONVERSION = YES_AGGRESSIVE;
				CLANG_CXX_LANGUAGE_STANDARD = "gnu++14";
				CLANG_CXX_LIBRARY = "libc++";
				CLANG_ENABLE_MODULES = YES;
				CLANG_ENABLE_OBJC_ARC = YES;
				CLANG_WARN_BLOCK_CAPTURE_AUTORELEASING = YES;
				CLANG_WARN_BOOL_CONVERSION = YES;
				CLANG_WARN_COMMA = YES;
				CLANG_WARN_CONSTANT_CONVERSION = YES;
				CLANG_WARN_DIRECT_OBJC_ISA_USAGE = YES_ERROR;
				CLANG_WARN_DOCUMENTATION_COMMENTS = YES;
				CLANG_WARN_EMPTY_BODY = YES;
				CLANG_WARN_ENUM_CONVERSION = YES;
				CLANG_WARN_INFINITE_RECURSION = YES;
				CLANG_WARN_INT_CONVERSION = YES;
				CLANG_WARN_NON_LITERAL_NULL_CONVERSION = YES;
				CLANG_WARN_OBJC_LITERAL_CONVERSION = YES;
				CLANG_WARN_OBJC_ROOT_CLASS = YES_ERROR;
				CLANG_WARN_RANGE_LOOP_ANALYSIS = YES;
				CLANG_WARN_STRICT_PROTOTYPES = YES;
				CLANG_WARN_SUSPICIOUS_MOVE = YES;
				CLANG_WARN_UNGUARDED_AVAILABILITY = YES_AGGRESSIVE;
				CLANG_WARN_UNREACHABLE_CODE = YES;
				CLANG_WARN__DUPLICATE_METHOD_MATCH = YES;
				CODE_SIGN_IDENTITY = "iPhone Developer";
				COPY_PHASE_STRIP = NO;
				DEBUG_INFORMATION_FORMAT = "dwarf-with-dsym";
				ENABLE_NS_ASSERTIONS = NO;
				ENABLE_STRICT_OBJC_MSGSEND = YES;
				GCC_C_LANGUAGE_STANDARD = gnu11;
				GCC_NO_COMMON_BLOCKS = YES;
				GCC_WARN_64_TO_32_BIT_CONVERSION = YES;
				GCC_WARN_ABOUT_RETURN_TYPE = YES_ERROR;
				GCC_WARN_UNDECLARED_SELECTOR = YES;
				GCC_WARN_UNINITIALIZED_AUTOS = YES_AGGRESSIVE;
				GCC_WARN_UNUSED_FUNCTION = YES;
				GCC_WARN_UNUSED_VARIABLE = YES;
				IPHONEOS_DEPLOYMENT_TARGET = 11.1;
				MTL_ENABLE_DEBUG_INFO = NO;
				SDKROOT = iphoneos;
				VALIDATE_PRODUCT = YES;
			};
			name = Release;
		};
		E76595F71FC97026002CE476 /* Debug */ = {
			isa = XCBuildConfiguration;
			buildSettings = {
				ASSETCATALOG_COMPILER_APPICON_NAME = AppIcon;
				CODE_SIGN_STYLE = Automatic;
				DEVELOPMENT_TEAM = XQ4VPYFFH5;
				INFOPLIST_FILE = 2048/Info.plist;
				IPHONEOS_DEPLOYMENT_TARGET = 7.0;
				LD_RUNPATH_SEARCH_PATHS = "$(inherited) @executable_path/Frameworks";
				PRODUCT_BUNDLE_IDENTIFIER = link.minecode.2048;
				PRODUCT_NAME = "$(TARGET_NAME)";
				TARGETED_DEVICE_FAMILY = "1,2";
			};
			name = Debug;
		};
		E76595F81FC97026002CE476 /* Release */ = {
			isa = XCBuildConfiguration;
			buildSettings = {
				ASSETCATALOG_COMPILER_APPICON_NAME = AppIcon;
				CODE_SIGN_STYLE = Automatic;
				DEVELOPMENT_TEAM = XQ4VPYFFH5;
				INFOPLIST_FILE = 2048/Info.plist;
				IPHONEOS_DEPLOYMENT_TARGET = 7.0;
				LD_RUNPATH_SEARCH_PATHS = "$(inherited) @executable_path/Frameworks";
				PRODUCT_BUNDLE_IDENTIFIER = link.minecode.2048;
				PRODUCT_NAME = "$(TARGET_NAME)";
				TARGETED_DEVICE_FAMILY = "1,2";
			};
			name = Release;
		};
		E76595FA1FC97026002CE476 /* Debug */ = {
			isa = XCBuildConfiguration;
			buildSettings = {
				BUNDLE_LOADER = "$(TEST_HOST)";
				CODE_SIGN_STYLE = Automatic;
				INFOPLIST_FILE = 2048Tests/Info.plist;
				LD_RUNPATH_SEARCH_PATHS = "$(inherited) @executable_path/Frameworks @loader_path/Frameworks";
				PRODUCT_BUNDLE_IDENTIFIER = "link.minecode.-048Tests";
				PRODUCT_NAME = "$(TARGET_NAME)";
				TARGETED_DEVICE_FAMILY = "1,2";
				TEST_HOST = "$(BUILT_PRODUCTS_DIR)/2048.app/2048";
			};
			name = Debug;
		};
		E76595FB1FC97026002CE476 /* Release */ = {
			isa = XCBuildConfiguration;
			buildSettings = {
				BUNDLE_LOADER = "$(TEST_HOST)";
				CODE_SIGN_STYLE = Automatic;
				INFOPLIST_FILE = 2048Tests/Info.plist;
				LD_RUNPATH_SEARCH_PATHS = "$(inherited) @executable_path/Frameworks @loader_path/Frameworks";
				PRODUCT_BUNDLE_IDENTIFIER = "link.minecode.-048Tests";
				PRODUCT_NAME = "$(TARGET_NAME)";
				TARGETED_DEVICE_FAMILY = "1,2";
				TEST_HOST = "$(BUILT_PRODUCTS_DIR)/2048.app/2048";
			};
			name = Release;
		};
		E76595FD1FC97026002CE476 /* Debug */ = {
			isa = XCBuildConfiguration;
			buildSettings = {
				CODE_SIGN_STYLE = Automatic;
				INFOPLIST_FILE = 2048UITests/Info.plist;
				LD_RUNPATH_SEARCH_PATHS = "$(inherited) @executable_path/Frameworks @loader_path/Frameworks";
				PRODUCT_BUNDLE_IDENTIFIER = "link.minecode.-048UITests";
				PRODUCT_NAME = "$(TARGET_NAME)";
				TARGETED_DEVICE_FAMILY = "1,2";
				TEST_TARGET_NAME = 2048;
			};
			name = Debug;
		};
		E76595FE1FC97026002CE476 /* Release */ = {
			isa = XCBuildConfiguration;
			buildSettings = {
				CODE_SIGN_STYLE = Automatic;
				INFOPLIST_FILE = 2048UITests/Info.plist;
				LD_RUNPATH_SEARCH_PATHS = "$(inherited) @executable_path/Frameworks @loader_path/Frameworks";
				PRODUCT_BUNDLE_IDENTIFIER = "link.minecode.-048UITests";
				PRODUCT_NAME = "$(TARGET_NAME)";
				TARGETED_DEVICE_FAMILY = "1,2";
				TEST_TARGET_NAME = 2048;
			};
			name = Release;
		};
/* End XCBuildConfiguration section */

/* Begin XCConfigurationList section */
		E76595C51FC97026002CE476 /* Build configuration list for PBXProject "2048" */ = {
			isa = XCConfigurationList;
			buildConfigurations = (
				E76595F41FC97026002CE476 /* Debug */,
				E76595F51FC97026002CE476 /* Release */,
			);
			defaultConfigurationIsVisible = 0;
			defaultConfigurationName = Release;
		};
		E76595F61FC97026002CE476 /* Build configuration list for PBXNativeTarget "2048" */ = {
			isa = XCConfigurationList;
			buildConfigurations = (
				E76595F71FC97026002CE476 /* Debug */,
				E76595F81FC97026002CE476 /* Release */,
			);
			defaultConfigurationIsVisible = 0;
			defaultConfigurationName = Release;
		};
		E76595F91FC97026002CE476 /* Build configuration list for PBXNativeTarget "2048Tests" */ = {
			isa = XCConfigurationList;
			buildConfigurations = (
				E76595FA1FC97026002CE476 /* Debug */,
				E76595FB1FC97026002CE476 /* Release */,
			);
			defaultConfigurationIsVisible = 0;
			defaultConfigurationName = Release;
		};
		E76595FC1FC97026002CE476 /* Build configuration list for PBXNativeTarget "2048UITests" */ = {
			isa = XCConfigurationList;
			buildConfigurations = (
				E76595FD1FC97026002CE476 /* Debug */,
				E76595FE1FC97026002CE476 /* Release */,
			);
			defaultConfigurationIsVisible = 0;
			defaultConfigurationName = Release;
		};
/* End XCConfigurationList section */
	};
	rootObject = E76595C21FC97026002CE476 /* Project object */;
}
